
Microsoft Visual Studio Solution File, Format Version 12.00
# Visual Studio Version 16
VisualStudioVersion = 16.0.31729.503
MinimumVisualStudioVersion = 10.0.40219.1
Project("{FAE04EC0-301F-11D3-BF4B-00C04F79EFBC}") = "Malina_Nizametdinova", "Malina_Nizametdinova.csproj", "{AF257A57-7A95-4D39-AC6B-E836E2A63BC8}"
EndProject
Global
	GlobalSection(SolutionConfigurationPlatforms) = preSolution
		Debug|Any CPU = Debug|Any CPU
		Release|Any CPU = Release|Any CPU
	EndGlobalSection
	GlobalSection(ProjectConfigurationPlatforms) = postSolution
		{AF257A57-7A95-4D39-AC6B-E836E2A63BC8}.Debug|Any CPU.ActiveCfg = Debug|Any CPU
		{AF257A57-7A95-4D39-AC6B-E836E2A63BC8}.Debug|Any CPU.Build.0 = Debug|Any CPU
		{AF257A57-7A95-4D39-AC6B-E836E2A63BC8}.Release|Any CPU.ActiveCfg = Release|Any CPU
		{AF257A57-7A95-4D39-AC6B-E836E2A63BC8}.Release|Any CPU.Build.0 = Release|Any CPU
	EndGlobalSection
	GlobalSection(SolutionProperties) = preSolution
		HideSolutionNode = FALSE
	EndGlobalSection
	GlobalSection(ExtensibilityGlobals) = postSolution
		SolutionGuid = {2118B300-C3D9-427A-8E0F-9FA95E39CC24}
	EndGlobalSection
EndGlobal
